
Microsoft Visual Studio Solution File, Format Version 12.00
# Visual Studio Version 17
VisualStudioVersion = 17.13.35931.197 d17.13
MinimumVisualStudioVersion = 10.0.40219.1
Project("{FAE04EC0-301F-11D3-BF4B-00C04F79EFBC}") = "vin db", "vin db.csproj", "{9520D7D7-D236-4B4E-B1C1-10A57F7A8E3B}"
EndProject
Global
	GlobalSection(SolutionConfigurationPlatforms) = preSolution
		Debug|Any CPU = Debug|Any CPU
		Release|Any CPU = Release|Any CPU
	EndGlobalSection
	GlobalSection(ProjectConfigurationPlatforms) = postSolution
		{9520D7D7-D236-4B4E-B1C1-10A57F7A8E3B}.Debug|Any CPU.ActiveCfg = Debug|Any CPU
		{9520D7D7-D236-4B4E-B1C1-10A57F7A8E3B}.Debug|Any CPU.Build.0 = Debug|Any CPU
		{9520D7D7-D236-4B4E-B1C1-10A57F7A8E3B}.Release|Any CPU.ActiveCfg = Release|Any CPU
		{9520D7D7-D236-4B4E-B1C1-10A57F7A8E3B}.Release|Any CPU.Build.0 = Release|Any CPU
	EndGlobalSection
	GlobalSection(SolutionProperties) = preSolution
		HideSolutionNode = FALSE
	EndGlobalSection
	GlobalSection(ExtensibilityGlobals) = postSolution
		SolutionGuid = {CC838DB8-EB96-4C15-A140-F4C1197A15E6}
	EndGlobalSection
EndGlobal
